
Microsoft Visual Studio Solution File, Format Version 12.00
# Visual Studio 15
VisualStudioVersion = 15.0.28307.168
MinimumVisualStudioVersion = 10.0.40219.1
Project("{2150E333-8FDC-42A3-9474-1A3956D46DE8}") = "src", "src", "{486D9DFD-2B15-451E-A82B-9D580B3B220E}"
EndProject
Project("{2150E333-8FDC-42A3-9474-1A3956D46DE8}") = "services", "services", "{D0F678EF-E0B1-4D68-A42C-98CA82ACEC31}"
EndProject
Project("{2150E333-8FDC-42A3-9474-1A3956D46DE8}") = "web", "web", "{7DDF6AC1-61C9-4F9E-9AFD-2E1D229DB0DD}"
EndProject
Project("{9A19103F-16F7-4668-BE54-9A1E7A4F7556}") = "EventCatalogAPI", "EventCatalogAPI\EventCatalogAPI.csproj", "{D382F14E-8A49-4934-8CCA-E247BCEF18EC}"
EndProject
Project("{E53339B2-1760-4266-BCC7-CA923CBCF16C}") = "docker-compose", "docker-compose.dcproj", "{367C2D9D-FC09-4388-8DB4-1996740C5973}"
EndProject
Project("{9A19103F-16F7-4668-BE54-9A1E7A4F7556}") = "WebMvc", "WebMvc\WebMvc.csproj", "{BA9A602F-221C-4C00-BEC3-B55DAD408EC4}"
<<<<<<< HEAD
=======
EndProject
Project("{9A19103F-16F7-4668-BE54-9A1E7A4F7556}") = "TokenServiceApi", "TokenServiceApi\TokenServiceApi.csproj", "{FFDC04F0-74CF-4F94-A603-6F663DB7C89F}"
EndProject
Project("{9A19103F-16F7-4668-BE54-9A1E7A4F7556}") = "CartApi", "CartApi\CartApi.csproj", "{82977B1E-1166-4ECE-8512-D9162CFCA6A8}"
>>>>>>> d4819af9b77dd0c66fa598a94a2d7e8780b150b9
EndProject
Global
	GlobalSection(SolutionConfigurationPlatforms) = preSolution
		Debug|Any CPU = Debug|Any CPU
		Release|Any CPU = Release|Any CPU
	EndGlobalSection
	GlobalSection(ProjectConfigurationPlatforms) = postSolution
		{D382F14E-8A49-4934-8CCA-E247BCEF18EC}.Debug|Any CPU.ActiveCfg = Debug|Any CPU
		{D382F14E-8A49-4934-8CCA-E247BCEF18EC}.Debug|Any CPU.Build.0 = Debug|Any CPU
		{D382F14E-8A49-4934-8CCA-E247BCEF18EC}.Release|Any CPU.ActiveCfg = Release|Any CPU
		{D382F14E-8A49-4934-8CCA-E247BCEF18EC}.Release|Any CPU.Build.0 = Release|Any CPU
		{367C2D9D-FC09-4388-8DB4-1996740C5973}.Debug|Any CPU.ActiveCfg = Debug|Any CPU
		{367C2D9D-FC09-4388-8DB4-1996740C5973}.Debug|Any CPU.Build.0 = Debug|Any CPU
		{367C2D9D-FC09-4388-8DB4-1996740C5973}.Release|Any CPU.ActiveCfg = Release|Any CPU
		{367C2D9D-FC09-4388-8DB4-1996740C5973}.Release|Any CPU.Build.0 = Release|Any CPU
		{BA9A602F-221C-4C00-BEC3-B55DAD408EC4}.Debug|Any CPU.ActiveCfg = Debug|Any CPU
		{BA9A602F-221C-4C00-BEC3-B55DAD408EC4}.Debug|Any CPU.Build.0 = Debug|Any CPU
		{BA9A602F-221C-4C00-BEC3-B55DAD408EC4}.Release|Any CPU.ActiveCfg = Release|Any CPU
		{BA9A602F-221C-4C00-BEC3-B55DAD408EC4}.Release|Any CPU.Build.0 = Release|Any CPU
		{FFDC04F0-74CF-4F94-A603-6F663DB7C89F}.Debug|Any CPU.ActiveCfg = Debug|Any CPU
		{FFDC04F0-74CF-4F94-A603-6F663DB7C89F}.Debug|Any CPU.Build.0 = Debug|Any CPU
		{FFDC04F0-74CF-4F94-A603-6F663DB7C89F}.Release|Any CPU.ActiveCfg = Release|Any CPU
		{FFDC04F0-74CF-4F94-A603-6F663DB7C89F}.Release|Any CPU.Build.0 = Release|Any CPU
		{82977B1E-1166-4ECE-8512-D9162CFCA6A8}.Debug|Any CPU.ActiveCfg = Debug|Any CPU
		{82977B1E-1166-4ECE-8512-D9162CFCA6A8}.Debug|Any CPU.Build.0 = Debug|Any CPU
		{82977B1E-1166-4ECE-8512-D9162CFCA6A8}.Release|Any CPU.ActiveCfg = Release|Any CPU
		{82977B1E-1166-4ECE-8512-D9162CFCA6A8}.Release|Any CPU.Build.0 = Release|Any CPU
	EndGlobalSection
	GlobalSection(SolutionProperties) = preSolution
		HideSolutionNode = FALSE
	EndGlobalSection
	GlobalSection(NestedProjects) = preSolution
		{D0F678EF-E0B1-4D68-A42C-98CA82ACEC31} = {486D9DFD-2B15-451E-A82B-9D580B3B220E}
		{7DDF6AC1-61C9-4F9E-9AFD-2E1D229DB0DD} = {486D9DFD-2B15-451E-A82B-9D580B3B220E}
		{D382F14E-8A49-4934-8CCA-E247BCEF18EC} = {D0F678EF-E0B1-4D68-A42C-98CA82ACEC31}
		{BA9A602F-221C-4C00-BEC3-B55DAD408EC4} = {7DDF6AC1-61C9-4F9E-9AFD-2E1D229DB0DD}
		{FFDC04F0-74CF-4F94-A603-6F663DB7C89F} = {D0F678EF-E0B1-4D68-A42C-98CA82ACEC31}
		{82977B1E-1166-4ECE-8512-D9162CFCA6A8} = {D0F678EF-E0B1-4D68-A42C-98CA82ACEC31}
	EndGlobalSection
	GlobalSection(ExtensibilityGlobals) = postSolution
		SolutionGuid = {CA03B08F-0B50-48D1-8D6F-C00ECE80C111}
	EndGlobalSection
EndGlobal
